{
	"archiveVersion": "1",
	"classes": {},
	"objectVersion": "54",
	"objects": {
		"04219996-BC00-42B0-BCB2-42B0FFD00CDF": {
			"explicitFileType": "sourcecode.c.h",
			"fileEncoding": "4",
			"isa": "PBXFileReference",
			"name": "ofxTextBlock.h",
			"path": "../../../addons/ofxTextSuite/src/ofxTextBlock.h",
			"sourceTree": "SOURCE_ROOT"
		},
		"0B01E014-B95F-4008-87AF-EC66F01BB1CB": {
			"fileRef": "7048AA0A-6ECF-42A5-916A-28EAD81B0D20",
			"isa": "PBXBuildFile"
		},
		"10248036-ECC3-4D3A-9402-A3505EFD1D40": {
			"explicitFileType": "sourcecode.cpp.cpp",
			"fileEncoding": "4",
			"isa": "PBXFileReference",
			"name": "Tween.cpp",
			"path": "../../../addons/ofxTextSuite/libs/ofxTweenzor/include/Tween.cpp",
			"sourceTree": "SOURCE_ROOT"
		},
		"1070A838-81C7-425B-9C43-48F112C586EB": {
			"explicitFileType": "sourcecode.c.h",
			"fileEncoding": "4",
			"isa": "PBXFileReference",
			"name": "Tweenzor.h",
			"path": "../../../addons/ofxTextSuite/libs/ofxTweenzor/include/Tweenzor.h",
			"sourceTree": "SOURCE_ROOT"
		},
		"10C42F93-6EB0-4B57-AEFA-4F248A3E7719": {
			"explicitFileType": "sourcecode.cpp.cpp",
			"fileEncoding": "4",
			"isa": "PBXFileReference",
			"name": "ofxTextBlock.cpp",
			"path": "../../../addons/ofxTextSuite/src/ofxTextBlock.cpp",
			"sourceTree": "SOURCE_ROOT"
		},
		"191CD6FA2847E21E0085CBB6": {
			"fileEncoding": "4",
			"isa": "PBXFileReference",
			"lastKnownFileType": "text.plist.entitlements",
			"path": "of.entitlements",
			"sourceTree": "<group>"
		},
		"191EF70929D778A400F35F26": {
			"isa": "PBXFileReference",
			"lastKnownFileType": "folder",
			"name": "openFrameworks",
			"path": "../../../libs/openFrameworks",
			"sourceTree": "SOURCE_ROOT"
		},
		"19B789C429E5AB4A0082E9B8": {
			"buildActionMask": "2147483647",
			"files": [],
			"inputFileListPaths": [],
			"inputPaths": [],
			"isa": "PBXShellScriptBuildPhase",
			"outputFileListPaths": [],
			"outputPaths": [],
			"runOnlyForDeploymentPostprocessing": "0",
			"shellPath": "/bin/sh",
			"shellScript": "\"$OF_PATH/scripts/osx/xcode_project.sh\"\n",
			"showEnvVarsInLog": "0"
		},
		"1D8C2C4D-4E6A-4FDA-984E-64ECAF35CA76": {
			"explicitFileType": "sourcecode.c.h",
			"fileEncoding": "4",
			"isa": "PBXFileReference",
			"name": "TweenSelector.h",
			"path": "../../../addons/ofxTextSuite/libs/ofxTweenzor/include/TweenSelector.h",
			"sourceTree": "SOURCE_ROOT"
		},
		"4060A160-151B-486A-B76B-AB0B66C3C770": {
			"explicitFileType": "sourcecode.c.h",
			"fileEncoding": "4",
			"isa": "PBXFileReference",
			"name": "TweenEvent.h",
			"path": "../../../addons/ofxTextSuite/libs/ofxTweenzor/include/TweenEvent.h",
			"sourceTree": "SOURCE_ROOT"
		},
		"5BFC8387-4538-4B85-9A89-622F22B31703": {
			"fileRef": "10248036-ECC3-4D3A-9402-A3505EFD1D40",
			"isa": "PBXBuildFile"
		},
		"5E1F2E0F-0894-4C6E-A4FF-6554FAA5BCD8": {
			"children": [
				"10248036-ECC3-4D3A-9402-A3505EFD1D40",
				"B24A3410-6D7D-4CDB-86FB-BABCAA150BD1",
				"4060A160-151B-486A-B76B-AB0B66C3C770",
				"D8A0BD3C-0CD8-4068-8A10-DA6250BDB84F",
				"1D8C2C4D-4E6A-4FDA-984E-64ECAF35CA76",
				"7048AA0A-6ECF-42A5-916A-28EAD81B0D20",
				"1070A838-81C7-425B-9C43-48F112C586EB",
				"C9C57ACD-048F-4A17-86DC-DEF008808220"
			],
			"isa": "PBXGroup",
			"name": "include",
			"path": "../../../addons/ofxTextSuite/libs/ofxTweenzor/include",
			"sourceTree": "SOURCE_ROOT"
		},
		"63FA2537-C19A-4901-8B6A-4267EC7C2190": {
			"explicitFileType": "sourcecode.c.h",
			"fileEncoding": "4",
			"isa": "PBXFileReference",
			"name": "ofxTextSuite.h",
			"path": "../../../addons/ofxTextSuite/src/ofxTextSuite.h",
			"sourceTree": "SOURCE_ROOT"
		},
		"7048AA0A-6ECF-42A5-916A-28EAD81B0D20": {
			"explicitFileType": "sourcecode.cpp.cpp",
			"fileEncoding": "4",
			"isa": "PBXFileReference",
			"name": "Tweenzor.cpp",
			"path": "../../../addons/ofxTextSuite/libs/ofxTweenzor/include/Tweenzor.cpp",
			"sourceTree": "SOURCE_ROOT"
		},
		"77F9B84F-D8BA-401A-AE62-510CB8FD2C52": {
			"children": [
				"5E1F2E0F-0894-4C6E-A4FF-6554FAA5BCD8"
			],
			"isa": "PBXGroup",
			"name": "ofxTweenzor",
			"path": "../../../addons/ofxTextSuite/libs/ofxTweenzor",
			"sourceTree": "SOURCE_ROOT"
		},
		"98204A3C-3882-4627-8A6F-CD56B5EDC657": {
			"children": [
				"10C42F93-6EB0-4B57-AEFA-4F248A3E7719",
				"04219996-BC00-42B0-BCB2-42B0FFD00CDF",
				"63FA2537-C19A-4901-8B6A-4267EC7C2190"
			],
			"isa": "PBXGroup",
			"name": "src",
			"path": "../../../addons/ofxTextSuite/src",
			"sourceTree": "SOURCE_ROOT"
		},
		"9D1830E2-5F31-4662-B2EC-4BC3689D65E3": {
			"children": [
				"77F9B84F-D8BA-401A-AE62-510CB8FD2C52"
			],
			"isa": "PBXGroup",
			"name": "libs",
			"path": "../../../addons/ofxTextSuite/libs",
			"sourceTree": "SOURCE_ROOT"
		},
		"A8A21DF6-6AD3-4006-83E2-BC401AD914A6": {
			"children": [
				"9D1830E2-5F31-4662-B2EC-4BC3689D65E3",
				"98204A3C-3882-4627-8A6F-CD56B5EDC657"
			],
			"isa": "PBXGroup",
			"name": "ofxTextSuite",
			"path": "../../../addons/ofxTextSuite",
			"sourceTree": "SOURCE_ROOT"
		},
		"B24A3410-6D7D-4CDB-86FB-BABCAA150BD1": {
			"explicitFileType": "sourcecode.c.h",
			"fileEncoding": "4",
			"isa": "PBXFileReference",
			"name": "Tween.h",
			"path": "../../../addons/ofxTextSuite/libs/ofxTweenzor/include/Tween.h",
			"sourceTree": "SOURCE_ROOT"
		},
		"B5669D71-FE69-436E-ADD2-743E83C0626C": {
			"fileRef": "10C42F93-6EB0-4B57-AEFA-4F248A3E7719",
			"isa": "PBXBuildFile"
		},
		"BB4B014C10F69532006C3DED": {
			"children": [
				"A8A21DF6-6AD3-4006-83E2-BC401AD914A6"
			],
			"isa": "PBXGroup",
			"name": "addons",
			"path": "../../../addons",
			"sourceTree": "<group>"
		},
		"C9C57ACD-048F-4A17-86DC-DEF008808220": {
			"explicitFileType": "sourcecode.c.h",
			"fileEncoding": "4",
			"isa": "PBXFileReference",
			"name": "ofxTweenzor.h",
			"path": "../../../addons/ofxTextSuite/libs/ofxTweenzor/include/ofxTweenzor.h",
			"sourceTree": "SOURCE_ROOT"
		},
		"D8A0BD3C-0CD8-4068-8A10-DA6250BDB84F": {
			"explicitFileType": "sourcecode.c.h",
			"fileEncoding": "4",
			"isa": "PBXFileReference",
			"name": "TweenFunctions.h",
			"path": "../../../addons/ofxTextSuite/libs/ofxTweenzor/include/TweenFunctions.h",
			"sourceTree": "SOURCE_ROOT"
		},
		"E42962A92163ECCD00A6A9E2": {
			"alwaysOutOfDate": "1",
			"buildActionMask": "2147483647",
			"files": [],
			"inputPaths": [],
			"isa": "PBXShellScriptBuildPhase",
			"name": "Run Script — Compile OF",
			"outputPaths": [],
			"runOnlyForDeploymentPostprocessing": "0",
			"shellPath": "/bin/sh",
			"shellScript": "echo \"💾 Compiling Openframeworks\"\nxcodebuild -project \"$OF_PATH/libs/openFrameworksCompiled/project/osx/openFrameworksLib.xcodeproj\" -target openFrameworks -configuration \"${CONFIGURATION}\"  CLANG_CXX_LANGUAGE_STANDARD=$CLANG_CXX_LANGUAGE_STANDARD MACOSX_DEPLOYMENT_TARGET=$MACOSX_DEPLOYMENT_TARGET GCC_PREPROCESSOR_DEFINITIONS=$USER_PREPROCESSOR_DEFINITIONS\n",
			"showEnvVarsInLog": "0"
		},
		"E4A5B60F29BAAAE400C2D356": {
			"buildActionMask": "2147483647",
			"dstPath": "",
			"dstSubfolderSpec": "6",
			"files": [],
			"isa": "PBXCopyFilesBuildPhase",
			"runOnlyForDeploymentPostprocessing": "0"
		},
		"E4B69B4A0A3A1720003C02F2": {
			"children": [
				"191CD6FA2847E21E0085CBB6",
				"E4B6FCAD0C3E899E008CF71C",
				"E4EB6923138AFD0F00A09F29",
				"E4B69E1C0A3A1BDC003C02F2",
				"191EF70929D778A400F35F26",
				"BB4B014C10F69532006C3DED",
				"E4B69B5B0A3A1756003C02F2"
			],
			"isa": "PBXGroup",
			"sourceTree": "<group>"
		},
		"E4B69B4C0A3A1720003C02F2": {
			"attributes": {
				"LastUpgradeCheck": "0600"
			},
			"buildConfigurationList": "E4B69B4D0A3A1720003C02F2",
			"compatibilityVersion": "Xcode 3.2",
			"developmentRegion": "en",
			"hasScannedForEncodings": "0",
			"isa": "PBXProject",
			"knownRegions": [
				"en",
				"Base"
			],
			"mainGroup": "E4B69B4A0A3A1720003C02F2",
			"productRefGroup": "E4B69B4A0A3A1720003C02F2",
			"projectDirPath": "",
			"projectRoot": "",
			"targets": [
				"E4B69B5A0A3A1756003C02F2"
			]
		},
		"E4B69B4D0A3A1720003C02F2": {
			"buildConfigurations": [
				"E4B69B4E0A3A1720003C02F2",
				"E4B69B4F0A3A1720003C02F2"
			],
			"defaultConfigurationIsVisible": "0",
			"defaultConfigurationName": "Release",
			"isa": "XCConfigurationList"
		},
		"E4B69B4E0A3A1720003C02F2": {
			"baseConfigurationReference": "E4EB6923138AFD0F00A09F29",
			"buildSettings": {
				"CODE_SIGN_ENTITLEMENTS": "of.entitlements",
				"COPY_PHASE_STRIP": "NO",
				"ENABLE_TESTABILITY": "YES",
				"GCC_OPTIMIZATION_LEVEL": "0",
				"GCC_WARN_UNUSED_VARIABLE": "NO",
				"HEADER_SEARCH_PATHS": [
					"$(OF_CORE_HEADERS)",
					"src"
				],
				"OTHER_CPLUSPLUSFLAGS": "-D__MACOSX_CORE__"
			},
			"isa": "XCBuildConfiguration",
			"name": "Debug"
		},
		"E4B69B4F0A3A1720003C02F2": {
			"baseConfigurationReference": "E4EB6923138AFD0F00A09F29",
			"buildSettings": {
				"CODE_SIGN_ENTITLEMENTS": "of.entitlements",
				"COPY_PHASE_STRIP": "YES",
				"GCC_OPTIMIZATION_LEVEL": "3",
				"GCC_UNROLL_LOOPS": "YES",
				"HEADER_SEARCH_PATHS": [
					"$(OF_CORE_HEADERS)",
					"src"
				],
				"OTHER_CPLUSPLUSFLAGS": "-D__MACOSX_CORE__"
			},
			"isa": "XCBuildConfiguration",
			"name": "Release"
		},
		"E4B69B580A3A1756003C02F2": {
			"buildActionMask": "2147483647",
			"files": [
				"E4B69E200A3A1BDC003C02F2",
				"E4B69E210A3A1BDC003C02F2",
				"5BFC8387-4538-4B85-9A89-622F22B31703",
				"0B01E014-B95F-4008-87AF-EC66F01BB1CB",
				"B5669D71-FE69-436E-ADD2-743E83C0626C"
			],
			"isa": "PBXSourcesBuildPhase",
			"runOnlyForDeploymentPostprocessing": "0"
		},
		"E4B69B590A3A1756003C02F2": {
			"buildActionMask": "2147483647",
			"files": [],
			"isa": "PBXFrameworksBuildPhase",
			"runOnlyForDeploymentPostprocessing": "0"
		},
		"E4B69B5A0A3A1756003C02F2": {
			"buildConfigurationList": "E4B69B5F0A3A1757003C02F2",
			"buildPhases": [
				"E42962A92163ECCD00A6A9E2",
				"E4B69B580A3A1756003C02F2",
				"E4B69B590A3A1756003C02F2",
				"E4C2427710CC5ABF004149E2",
				"E4A5B60F29BAAAE400C2D356",
				"19B789C429E5AB4A0082E9B8"
			],
			"buildRules": [],
			"dependencies": [],
			"isa": "PBXNativeTarget",
			"name": "example",
			"productName": "myOFApp",
			"productReference": "E4B69B5B0A3A1756003C02F2",
			"productType": "com.apple.product-type.application"
		},
		"E4B69B5B0A3A1756003C02F2": {
			"explicitFileType": "wrapper.application",
			"includeInIndex": "0",
			"isa": "PBXFileReference",
			"path": "exampleDebug.app",
			"sourceTree": "BUILT_PRODUCTS_DIR"
		},
		"E4B69B5F0A3A1757003C02F2": {
			"buildConfigurations": [
				"E4B69B600A3A1757003C02F2",
				"E4B69B610A3A1757003C02F2"
			],
			"defaultConfigurationIsVisible": "0",
			"defaultConfigurationName": "Release",
			"isa": "XCConfigurationList"
		},
		"E4B69B600A3A1757003C02F2": {
			"baseConfigurationReference": "E4EB6923138AFD0F00A09F29",
			"buildSettings": {
				"ARCHS": "$(ARCHS_STANDARD)",
				"COPY_PHASE_STRIP": "NO",
				"FRAMEWORK_SEARCH_PATHS": "$(inherited)",
				"GCC_DYNAMIC_NO_PIC": "NO",
				"HEADER_SEARCH_PATHS": [
					"$(OF_CORE_HEADERS)",
					"src",
					"src",
					"../../../addons/ofxTextSuite/libs",
					"../../../addons/ofxTextSuite/libs/ofxTweenzor",
					"../../../addons/ofxTextSuite/libs/ofxTweenzor/include",
					"../../../addons/ofxTextSuite/src"
				],
				"LIBRARY_SEARCH_PATHS": "$(inherited)",
				"OTHER_LDFLAGS": [
					"$(OF_CORE_LIBS)",
					"$(OF_CORE_FRAMEWORKS)",
					"$(LIB_OF_DEBUG)"
				]
			},
			"isa": "XCBuildConfiguration",
			"name": "Debug"
		},
		"E4B69B610A3A1757003C02F2": {
			"baseConfigurationReference": "E4EB6923138AFD0F00A09F29",
			"buildSettings": {
				"ARCHS": "$(ARCHS_STANDARD)",
				"COPY_PHASE_STRIP": "YES",
				"FRAMEWORK_SEARCH_PATHS": "$(inherited)",
				"HEADER_SEARCH_PATHS": [
					"$(OF_CORE_HEADERS)",
					"src",
					"src",
					"../../../addons/ofxTextSuite/libs",
					"../../../addons/ofxTextSuite/libs/ofxTweenzor",
					"../../../addons/ofxTextSuite/libs/ofxTweenzor/include",
					"../../../addons/ofxTextSuite/src"
				],
				"LIBRARY_SEARCH_PATHS": "$(inherited)",
				"OTHER_LDFLAGS": [
					"$(OF_CORE_LIBS)",
					"$(OF_CORE_FRAMEWORKS)",
					"$(LIB_OF)"
				],
				"baseConfigurationReference": "E4EB6923138AFD0F00A09F29"
			},
			"isa": "XCBuildConfiguration",
			"name": "Release"
		},
		"E4B69E1C0A3A1BDC003C02F2": {
			"children": [
				"E4B69E1D0A3A1BDC003C02F2",
				"E4B69E1E0A3A1BDC003C02F2",
				"E4B69E1F0A3A1BDC003C02F2"
			],
			"isa": "PBXGroup",
			"path": "src",
			"sourceTree": "SOURCE_ROOT"
		},
		"E4B69E1D0A3A1BDC003C02F2": {
			"fileEncoding": "4",
			"isa": "PBXFileReference",
			"lastKnownFileType": "sourcecode.cpp.cpp",
			"name": "main.cpp",
			"path": "src/main.cpp",
			"sourceTree": "SOURCE_ROOT"
		},
		"E4B69E1E0A3A1BDC003C02F2": {
			"explicitFileType": "sourcecode.cpp.cpp",
			"fileEncoding": "4",
			"isa": "PBXFileReference",
			"name": "ofApp.cpp",
			"path": "src/ofApp.cpp",
			"sourceTree": "SOURCE_ROOT"
		},
		"E4B69E1F0A3A1BDC003C02F2": {
			"fileEncoding": "4",
			"isa": "PBXFileReference",
			"lastKnownFileType": "sourcecode.c.h",
			"name": "ofApp.h",
			"path": "src/ofApp.h",
			"sourceTree": "SOURCE_ROOT"
		},
		"E4B69E200A3A1BDC003C02F2": {
			"fileRef": "E4B69E1D0A3A1BDC003C02F2",
			"isa": "PBXBuildFile"
		},
		"E4B69E210A3A1BDC003C02F2": {
			"fileRef": "E4B69E1E0A3A1BDC003C02F2",
			"isa": "PBXBuildFile"
		},
		"E4B6FCAD0C3E899E008CF71C": {
			"fileEncoding": "4",
			"isa": "PBXFileReference",
			"lastKnownFileType": "text.plist.xml",
			"path": "openFrameworks-Info.plist",
			"sourceTree": "<group>"
		},
		"E4C2427710CC5ABF004149E2": {
			"buildActionMask": "2147483647",
			"dstPath": "",
			"dstSubfolderSpec": "10",
			"files": [],
			"isa": "PBXCopyFilesBuildPhase",
			"runOnlyForDeploymentPostprocessing": "0"
		},
		"E4EB6923138AFD0F00A09F29": {
			"fileEncoding": "4",
			"isa": "PBXFileReference",
			"lastKnownFileType": "text.xcconfig",
			"path": "Project.xcconfig",
			"sourceTree": "<group>"
		}
	},
	"openFrameworksProjectGeneratorVersion": "21",
	"rootObject": "E4B69B4C0A3A1720003C02F2"
}